// !$*UTF8*$!
{
	archiveVersion = 1;
	classes = {
	};
	objectVersion = 46;
	objects = {

/* Begin PBXBuildFile section */
		F468052A1EE05BF9002BF1B4 /* main.m in Sources */ = {isa = PBXBuildFile; fileRef = F46805291EE05BF9002BF1B4 /* main.m */; };
		F468052D1EE05BF9002BF1B4 /* AppDelegate.m in Sources */ = {isa = PBXBuildFile; fileRef = F468052C1EE05BF9002BF1B4 /* AppDelegate.m */; };
		F46805301EE05BF9002BF1B4 /* ViewController.m in Sources */ = {isa = PBXBuildFile; fileRef = F468052F1EE05BF9002BF1B4 /* ViewController.m */; };
		F46805331EE05BF9002BF1B4 /* Main.storyboard in Resources */ = {isa = PBXBuildFile; fileRef = F46805311EE05BF9002BF1B4 /* Main.storyboard */; };
		F46805351EE05BF9002BF1B4 /* Assets.xcassets in Resources */ = {isa = PBXBuildFile; fileRef = F46805341EE05BF9002BF1B4 /* Assets.xcassets */; };
		F46805381EE05BF9002BF1B4 /* LaunchScreen.storyboard in Resources */ = {isa = PBXBuildFile; fileRef = F46805361EE05BF9002BF1B4 /* LaunchScreen.storyboard */; };
		F46805431EE05BF9002BF1B4 /* ChartDrawerTests.m in Sources */ = {isa = PBXBuildFile; fileRef = F46805421EE05BF9002BF1B4 /* ChartDrawerTests.m */; };
		F468054F1EE05C43002BF1B4 /* CDHarmonicFunction.m in Sources */ = {isa = PBXBuildFile; fileRef = F468054E1EE05C43002BF1B4 /* CDHarmonicFunction.m */; };
		F46805521EE068BC002BF1B4 /* HarmonicViewController.m in Sources */ = {isa = PBXBuildFile; fileRef = F46805511EE068BC002BF1B4 /* HarmonicViewController.m */; };
		F4C754511EE5884500BB6DF1 /* CDChartView.m in Sources */ = {isa = PBXBuildFile; fileRef = F4C754501EE5884500BB6DF1 /* CDChartView.m */; };
		F4C7545A1EE9465F00BB6DF1 /* CDChartTableView.m in Sources */ = {isa = PBXBuildFile; fileRef = F4C754591EE9465F00BB6DF1 /* CDChartTableView.m */; };
		F4C7545E1EE9486E00BB6DF1 /* CDChartTableViewCell.m in Sources */ = {isa = PBXBuildFile; fileRef = F4C7545C1EE9486E00BB6DF1 /* CDChartTableViewCell.m */; };
		F4C7545F1EE9486E00BB6DF1 /* CDChartTableViewCell.xib in Resources */ = {isa = PBXBuildFile; fileRef = F4C7545D1EE9486E00BB6DF1 /* CDChartTableViewCell.xib */; };
/* End PBXBuildFile section */

/* Begin PBXContainerItemProxy section */
		F468053F1EE05BF9002BF1B4 /* PBXContainerItemProxy */ = {
			isa = PBXContainerItemProxy;
			containerPortal = F468051D1EE05BF9002BF1B4 /* Project object */;
			proxyType = 1;
			remoteGlobalIDString = F46805241EE05BF9002BF1B4;
			remoteInfo = ChartDrawer;
		};
/* End PBXContainerItemProxy section */

/* Begin PBXFileReference section */
		F46805251EE05BF9002BF1B4 /* ChartDrawer.app */ = {isa = PBXFileReference; explicitFileType = wrapper.application; includeInIndex = 0; path = ChartDrawer.app; sourceTree = BUILT_PRODUCTS_DIR; };
		F46805291EE05BF9002BF1B4 /* main.m */ = {isa = PBXFileReference; lastKnownFileType = sourcecode.c.objc; path = main.m; sourceTree = "<group>"; };
		F468052B1EE05BF9002BF1B4 /* AppDelegate.h */ = {isa = PBXFileReference; lastKnownFileType = sourcecode.c.h; path = AppDelegate.h; sourceTree = "<group>"; };
		F468052C1EE05BF9002BF1B4 /* AppDelegate.m */ = {isa = PBXFileReference; lastKnownFileType = sourcecode.c.objc; path = AppDelegate.m; sourceTree = "<group>"; };
		F468052E1EE05BF9002BF1B4 /* ViewController.h */ = {isa = PBXFileReference; lastKnownFileType = sourcecode.c.h; path = ViewController.h; sourceTree = "<group>"; };
		F468052F1EE05BF9002BF1B4 /* ViewController.m */ = {isa = PBXFileReference; lastKnownFileType = sourcecode.c.objc; path = ViewController.m; sourceTree = "<group>"; };
		F46805321EE05BF9002BF1B4 /* Base */ = {isa = PBXFileReference; lastKnownFileType = file.storyboard; name = Base; path = Base.lproj/Main.storyboard; sourceTree = "<group>"; };
		F46805341EE05BF9002BF1B4 /* Assets.xcassets */ = {isa = PBXFileReference; lastKnownFileType = folder.assetcatalog; path = Assets.xcassets; sourceTree = "<group>"; };
		F46805371EE05BF9002BF1B4 /* Base */ = {isa = PBXFileReference; lastKnownFileType = file.storyboard; name = Base; path = Base.lproj/LaunchScreen.storyboard; sourceTree = "<group>"; };
		F46805391EE05BF9002BF1B4 /* Info.plist */ = {isa = PBXFileReference; lastKnownFileType = text.plist.xml; path = Info.plist; sourceTree = "<group>"; };
		F468053E1EE05BF9002BF1B4 /* ChartDrawerTests.xctest */ = {isa = PBXFileReference; explicitFileType = wrapper.cfbundle; includeInIndex = 0; path = ChartDrawerTests.xctest; sourceTree = BUILT_PRODUCTS_DIR; };
		F46805421EE05BF9002BF1B4 /* ChartDrawerTests.m */ = {isa = PBXFileReference; lastKnownFileType = sourcecode.c.objc; path = ChartDrawerTests.m; sourceTree = "<group>"; };
		F46805441EE05BF9002BF1B4 /* Info.plist */ = {isa = PBXFileReference; lastKnownFileType = text.plist.xml; path = Info.plist; sourceTree = "<group>"; };
		F468054D1EE05C43002BF1B4 /* CDHarmonicFunction.h */ = {isa = PBXFileReference; fileEncoding = 4; lastKnownFileType = sourcecode.c.h; path = CDHarmonicFunction.h; sourceTree = "<group>"; };
		F468054E1EE05C43002BF1B4 /* CDHarmonicFunction.m */ = {isa = PBXFileReference; fileEncoding = 4; lastKnownFileType = sourcecode.c.objc; path = CDHarmonicFunction.m; sourceTree = "<group>"; };
		F46805501EE068BC002BF1B4 /* HarmonicViewController.h */ = {isa = PBXFileReference; fileEncoding = 4; lastKnownFileType = sourcecode.c.h; path = HarmonicViewController.h; sourceTree = "<group>"; };
		F46805511EE068BC002BF1B4 /* HarmonicViewController.m */ = {isa = PBXFileReference; fileEncoding = 4; lastKnownFileType = sourcecode.c.objc; path = HarmonicViewController.m; sourceTree = "<group>"; };
		F4C7544F1EE5884500BB6DF1 /* CDChartView.h */ = {isa = PBXFileReference; fileEncoding = 4; lastKnownFileType = sourcecode.c.h; path = CDChartView.h; sourceTree = "<group>"; };
		F4C754501EE5884500BB6DF1 /* CDChartView.m */ = {isa = PBXFileReference; fileEncoding = 4; lastKnownFileType = sourcecode.c.objc; path = CDChartView.m; sourceTree = "<group>"; };
		F4C754581EE9465F00BB6DF1 /* CDChartTableView.h */ = {isa = PBXFileReference; fileEncoding = 4; lastKnownFileType = sourcecode.c.h; name = CDChartTableView.h; path = ../CDChartTableView.h; sourceTree = "<group>"; };
		F4C754591EE9465F00BB6DF1 /* CDChartTableView.m */ = {isa = PBXFileReference; fileEncoding = 4; lastKnownFileType = sourcecode.c.objc; name = CDChartTableView.m; path = ../CDChartTableView.m; sourceTree = "<group>"; };
		F4C7545B1EE9486E00BB6DF1 /* CDChartTableViewCell.h */ = {isa = PBXFileReference; fileEncoding = 4; lastKnownFileType = sourcecode.c.h; name = CDChartTableViewCell.h; path = ../CDChartTableViewCell.h; sourceTree = "<group>"; };
		F4C7545C1EE9486E00BB6DF1 /* CDChartTableViewCell.m */ = {isa = PBXFileReference; fileEncoding = 4; lastKnownFileType = sourcecode.c.objc; name = CDChartTableViewCell.m; path = ../CDChartTableViewCell.m; sourceTree = "<group>"; };
		F4C7545D1EE9486E00BB6DF1 /* CDChartTableViewCell.xib */ = {isa = PBXFileReference; fileEncoding = 4; lastKnownFileType = file.xib; name = CDChartTableViewCell.xib; path = ../CDChartTableViewCell.xib; sourceTree = "<group>"; };
/* End PBXFileReference section */

/* Begin PBXFrameworksBuildPhase section */
		F46805221EE05BF9002BF1B4 /* Frameworks */ = {
			isa = PBXFrameworksBuildPhase;
			buildActionMask = 2147483647;
			files = (
			);
			runOnlyForDeploymentPostprocessing = 0;
		};
		F468053B1EE05BF9002BF1B4 /* Frameworks */ = {
			isa = PBXFrameworksBuildPhase;
			buildActionMask = 2147483647;
			files = (
			);
			runOnlyForDeploymentPostprocessing = 0;
		};
/* End PBXFrameworksBuildPhase section */

/* Begin PBXGroup section */
		F468051C1EE05BF9002BF1B4 = {
			isa = PBXGroup;
			children = (
				F46805271EE05BF9002BF1B4 /* ChartDrawer */,
				F46805411EE05BF9002BF1B4 /* ChartDrawerTests */,
				F46805261EE05BF9002BF1B4 /* Products */,
			);
			sourceTree = "<group>";
		};
		F46805261EE05BF9002BF1B4 /* Products */ = {
			isa = PBXGroup;
			children = (
				F46805251EE05BF9002BF1B4 /* ChartDrawer.app */,
				F468053E1EE05BF9002BF1B4 /* ChartDrawerTests.xctest */,
			);
			name = Products;
			sourceTree = "<group>";
		};
		F46805271EE05BF9002BF1B4 /* ChartDrawer */ = {
			isa = PBXGroup;
			children = (
				F46805311EE05BF9002BF1B4 /* Main.storyboard */,
				F46805281EE05BF9002BF1B4 /* Supporting Files */,
				F4C754521EE5888700BB6DF1 /* View */,
				F46805531EE13223002BF1B4 /* Model */,
				F46805541EE1322D002BF1B4 /* Controller */,
			);
			path = ChartDrawer;
			sourceTree = "<group>";
		};
		F46805281EE05BF9002BF1B4 /* Supporting Files */ = {
			isa = PBXGroup;
			children = (
				F468052B1EE05BF9002BF1B4 /* AppDelegate.h */,
				F46805361EE05BF9002BF1B4 /* LaunchScreen.storyboard */,
				F46805341EE05BF9002BF1B4 /* Assets.xcassets */,
				F468052C1EE05BF9002BF1B4 /* AppDelegate.m */,
				F46805391EE05BF9002BF1B4 /* Info.plist */,
				F46805291EE05BF9002BF1B4 /* main.m */,
			);
			name = "Supporting Files";
			sourceTree = "<group>";
		};
		F46805411EE05BF9002BF1B4 /* ChartDrawerTests */ = {
			isa = PBXGroup;
			children = (
				F46805421EE05BF9002BF1B4 /* ChartDrawerTests.m */,
				F46805441EE05BF9002BF1B4 /* Info.plist */,
			);
			path = ChartDrawerTests;
			sourceTree = "<group>";
		};
		F46805531EE13223002BF1B4 /* Model */ = {
			isa = PBXGroup;
			children = (
				F468054D1EE05C43002BF1B4 /* CDHarmonicFunction.h */,
				F468054E1EE05C43002BF1B4 /* CDHarmonicFunction.m */,
			);
			name = Model;
			sourceTree = "<group>";
		};
		F46805541EE1322D002BF1B4 /* Controller */ = {
			isa = PBXGroup;
			children = (
				F468052E1EE05BF9002BF1B4 /* ViewController.h */,
				F468052F1EE05BF9002BF1B4 /* ViewController.m */,
				F46805501EE068BC002BF1B4 /* HarmonicViewController.h */,
				F46805511EE068BC002BF1B4 /* HarmonicViewController.m */,
			);
			name = Controller;
			sourceTree = "<group>";
		};
		F4C754521EE5888700BB6DF1 /* View */ = {
			isa = PBXGroup;
			children = (
				F4C7544F1EE5884500BB6DF1 /* CDChartView.h */,
				F4C754501EE5884500BB6DF1 /* CDChartView.m */,
				F4C7545B1EE9486E00BB6DF1 /* CDChartTableViewCell.h */,
				F4C7545C1EE9486E00BB6DF1 /* CDChartTableViewCell.m */,
				F4C7545D1EE9486E00BB6DF1 /* CDChartTableViewCell.xib */,
				F4C754581EE9465F00BB6DF1 /* CDChartTableView.h */,
				F4C754591EE9465F00BB6DF1 /* CDChartTableView.m */,
			);
			name = View;
			sourceTree = "<group>";
		};
/* End PBXGroup section */

/* Begin PBXNativeTarget section */
		F46805241EE05BF9002BF1B4 /* ChartDrawer */ = {
			isa = PBXNativeTarget;
			buildConfigurationList = F46805471EE05BF9002BF1B4 /* Build configuration list for PBXNativeTarget "ChartDrawer" */;
			buildPhases = (
				F46805211EE05BF9002BF1B4 /* Sources */,
				F46805221EE05BF9002BF1B4 /* Frameworks */,
				F46805231EE05BF9002BF1B4 /* Resources */,
			);
			buildRules = (
			);
			dependencies = (
			);
			name = ChartDrawer;
			productName = ChartDrawer;
			productReference = F46805251EE05BF9002BF1B4 /* ChartDrawer.app */;
			productType = "com.apple.product-type.application";
		};
		F468053D1EE05BF9002BF1B4 /* ChartDrawerTests */ = {
			isa = PBXNativeTarget;
			buildConfigurationList = F468054A1EE05BF9002BF1B4 /* Build configuration list for PBXNativeTarget "ChartDrawerTests" */;
			buildPhases = (
				F468053A1EE05BF9002BF1B4 /* Sources */,
				F468053B1EE05BF9002BF1B4 /* Frameworks */,
				F468053C1EE05BF9002BF1B4 /* Resources */,
			);
			buildRules = (
			);
			dependencies = (
				F46805401EE05BF9002BF1B4 /* PBXTargetDependency */,
			);
			name = ChartDrawerTests;
			productName = ChartDrawerTests;
			productReference = F468053E1EE05BF9002BF1B4 /* ChartDrawerTests.xctest */;
			productType = "com.apple.product-type.bundle.unit-test";
		};
/* End PBXNativeTarget section */

/* Begin PBXProject section */
		F468051D1EE05BF9002BF1B4 /* Project object */ = {
			isa = PBXProject;
			attributes = {
				LastUpgradeCheck = 0820;
				ORGANIZATIONNAME = "Teploukhova, Alisa";
				TargetAttributes = {
					F46805241EE05BF9002BF1B4 = {
						CreatedOnToolsVersion = 8.2.1;
						DevelopmentTeam = T2BWHF82G9;
						ProvisioningStyle = Automatic;
					};
					F468053D1EE05BF9002BF1B4 = {
						CreatedOnToolsVersion = 8.2.1;
						ProvisioningStyle = Automatic;
						TestTargetID = F46805241EE05BF9002BF1B4;
					};
				};
			};
			buildConfigurationList = F46805201EE05BF9002BF1B4 /* Build configuration list for PBXProject "ChartDrawer" */;
			compatibilityVersion = "Xcode 3.2";
			developmentRegion = English;
			hasScannedForEncodings = 0;
			knownRegions = (
				en,
				Base,
			);
			mainGroup = F468051C1EE05BF9002BF1B4;
			productRefGroup = F46805261EE05BF9002BF1B4 /* Products */;
			projectDirPath = "";
			projectRoot = "";
			targets = (
				F46805241EE05BF9002BF1B4 /* ChartDrawer */,
				F468053D1EE05BF9002BF1B4 /* ChartDrawerTests */,
			);
		};
/* End PBXProject section */

/* Begin PBXResourcesBuildPhase section */
		F46805231EE05BF9002BF1B4 /* Resources */ = {
			isa = PBXResourcesBuildPhase;
			buildActionMask = 2147483647;
			files = (
				F46805381EE05BF9002BF1B4 /* LaunchScreen.storyboard in Resources */,
				F4C7545F1EE9486E00BB6DF1 /* CDChartTableViewCell.xib in Resources */,
				F46805351EE05BF9002BF1B4 /* Assets.xcassets in Resources */,
				F46805331EE05BF9002BF1B4 /* Main.storyboard in Resources */,
			);
			runOnlyForDeploymentPostprocessing = 0;
		};
		F468053C1EE05BF9002BF1B4 /* Resources */ = {
			isa = PBXResourcesBuildPhase;
			buildActionMask = 2147483647;
			files = (
			);
			runOnlyForDeploymentPostprocessing = 0;
		};
/* End PBXResourcesBuildPhase section */

/* Begin PBXSourcesBuildPhase section */
		F46805211EE05BF9002BF1B4 /* Sources */ = {
			isa = PBXSourcesBuildPhase;
			buildActionMask = 2147483647;
			files = (
				F46805301EE05BF9002BF1B4 /* ViewController.m in Sources */,
				F46805521EE068BC002BF1B4 /* HarmonicViewController.m in Sources */,
				F4C754511EE5884500BB6DF1 /* CDChartView.m in Sources */,
				F4C7545A1EE9465F00BB6DF1 /* CDChartTableView.m in Sources */,
				F468054F1EE05C43002BF1B4 /* CDHarmonicFunction.m in Sources */,
				F4C7545E1EE9486E00BB6DF1 /* CDChartTableViewCell.m in Sources */,
				F468052D1EE05BF9002BF1B4 /* AppDelegate.m in Sources */,
				F468052A1EE05BF9002BF1B4 /* main.m in Sources */,
			);
			runOnlyForDeploymentPostprocessing = 0;
		};
		F468053A1EE05BF9002BF1B4 /* Sources */ = {
			isa = PBXSourcesBuildPhase;
			buildActionMask = 2147483647;
			files = (
				F46805431EE05BF9002BF1B4 /* ChartDrawerTests.m in Sources */,
			);
			runOnlyForDeploymentPostprocessing = 0;
		};
/* End PBXSourcesBuildPhase section */

/* Begin PBXTargetDependency section */
		F46805401EE05BF9002BF1B4 /* PBXTargetDependency */ = {
			isa = PBXTargetDependency;
			target = F46805241EE05BF9002BF1B4 /* ChartDrawer */;
			targetProxy = F468053F1EE05BF9002BF1B4 /* PBXContainerItemProxy */;
		};
/* End PBXTargetDependency section */

/* Begin PBXVariantGroup section */
		F46805311EE05BF9002BF1B4 /* Main.storyboard */ = {
			isa = PBXVariantGroup;
			children = (
				F46805321EE05BF9002BF1B4 /* Base */,
			);
			name = Main.storyboard;
			sourceTree = "<group>";
		};
		F46805361EE05BF9002BF1B4 /* LaunchScreen.storyboard */ = {
			isa = PBXVariantGroup;
			children = (
				F46805371EE05BF9002BF1B4 /* Base */,
			);
			name = LaunchScreen.storyboard;
			sourceTree = "<group>";
		};
/* End PBXVariantGroup section */

/* Begin XCBuildConfiguration section */
		F46805451EE05BF9002BF1B4 /* Debug */ = {
			isa = XCBuildConfiguration;
			buildSettings = {
				ALWAYS_SEARCH_USER_PATHS = NO;
				CLANG_ANALYZER_NONNULL = YES;
				CLANG_CXX_LANGUAGE_STANDARD = "gnu++0x";
				CLANG_CXX_LIBRARY = "libc++";
				CLANG_ENABLE_MODULES = YES;
				CLANG_ENABLE_OBJC_ARC = YES;
				CLANG_WARN_BOOL_CONVERSION = YES;
				CLANG_WARN_CONSTANT_CONVERSION = YES;
				CLANG_WARN_DIRECT_OBJC_ISA_USAGE = YES_ERROR;
				CLANG_WARN_DOCUMENTATION_COMMENTS = YES;
				CLANG_WARN_EMPTY_BODY = YES;
				CLANG_WARN_ENUM_CONVERSION = YES;
				CLANG_WARN_INFINITE_RECURSION = YES;
				CLANG_WARN_INT_CONVERSION = YES;
				CLANG_WARN_OBJC_ROOT_CLASS = YES_ERROR;
				CLANG_WARN_SUSPICIOUS_MOVE = YES;
				CLANG_WARN_UNREACHABLE_CODE = YES;
				CLANG_WARN__DUPLICATE_METHOD_MATCH = YES;
				"CODE_SIGN_IDENTITY[sdk=iphoneos*]" = "iPhone Developer";
				COPY_PHASE_STRIP = NO;
				DEBUG_INFORMATION_FORMAT = dwarf;
				ENABLE_STRICT_OBJC_MSGSEND = YES;
				ENABLE_TESTABILITY = YES;
				GCC_C_LANGUAGE_STANDARD = gnu99;
				GCC_DYNAMIC_NO_PIC = NO;
				GCC_NO_COMMON_BLOCKS = YES;
				GCC_OPTIMIZATION_LEVEL = 0;
				GCC_PREPROCESSOR_DEFINITIONS = (
					"DEBUG=1",
					"$(inherited)",
				);
				GCC_WARN_64_TO_32_BIT_CONVERSION = YES;
				GCC_WARN_ABOUT_RETURN_TYPE = YES_ERROR;
				GCC_WARN_UNDECLARED_SELECTOR = YES;
				GCC_WARN_UNINITIALIZED_AUTOS = YES_AGGRESSIVE;
				GCC_WARN_UNUSED_FUNCTION = YES;
				GCC_WARN_UNUSED_VARIABLE = YES;
				IPHONEOS_DEPLOYMENT_TARGET = 10.2;
				MTL_ENABLE_DEBUG_INFO = YES;
				ONLY_ACTIVE_ARCH = YES;
				SDKROOT = iphoneos;
				TARGETED_DEVICE_FAMILY = "1,2";
			};
			name = Debug;
		};
		F46805461EE05BF9002BF1B4 /* Release */ = {
			isa = XCBuildConfiguration;
			buildSettings = {
				ALWAYS_SEARCH_USER_PATHS = NO;
				CLANG_ANALYZER_NONNULL = YES;
				CLANG_CXX_LANGUAGE_STANDARD = "gnu++0x";
				CLANG_CXX_LIBRARY = "libc++";
				CLANG_ENABLE_MODULES = YES;
				CLANG_ENABLE_OBJC_ARC = YES;
				CLANG_WARN_BOOL_CONVERSION = YES;
				CLANG_WARN_CONSTANT_CONVERSION = YES;
				CLANG_WARN_DIRECT_OBJC_ISA_USAGE = YES_ERROR;
				CLANG_WARN_DOCUMENTATION_COMMENTS = YES;
				CLANG_WARN_EMPTY_BODY = YES;
				CLANG_WARN_ENUM_CONVERSION = YES;
				CLANG_WARN_INFINITE_RECURSION = YES;
				CLANG_WARN_INT_CONVERSION = YES;
				CLANG_WARN_OBJC_ROOT_CLASS = YES_ERROR;
				CLANG_WARN_SUSPICIOUS_MOVE = YES;
				CLANG_WARN_UNREACHABLE_CODE = YES;
				CLANG_WARN__DUPLICATE_METHOD_MATCH = YES;
				"CODE_SIGN_IDENTITY[sdk=iphoneos*]" = "iPhone Developer";
				COPY_PHASE_STRIP = NO;
				DEBUG_INFORMATION_FORMAT = "dwarf-with-dsym";
				ENABLE_NS_ASSERTIONS = NO;
				ENABLE_STRICT_OBJC_MSGSEND = YES;
				GCC_C_LANGUAGE_STANDARD = gnu99;
				GCC_NO_COMMON_BLOCKS = YES;
				GCC_WARN_64_TO_32_BIT_CONVERSION = YES;
				GCC_WARN_ABOUT_RETURN_TYPE = YES_ERROR;
				GCC_WARN_UNDECLARED_SELECTOR = YES;
				GCC_WARN_UNINITIALIZED_AUTOS = YES_AGGRESSIVE;
				GCC_WARN_UNUSED_FUNCTION = YES;
				GCC_WARN_UNUSED_VARIABLE = YES;
				IPHONEOS_DEPLOYMENT_TARGET = 10.2;
				MTL_ENABLE_DEBUG_INFO = NO;
				SDKROOT = iphoneos;
				TARGETED_DEVICE_FAMILY = "1,2";
				VALIDATE_PRODUCT = YES;
			};
			name = Release;
		};
		F46805481EE05BF9002BF1B4 /* Debug */ = {
			isa = XCBuildConfiguration;
			buildSettings = {
				ASSETCATALOG_COMPILER_APPICON_NAME = AppIcon;
				DEVELOPMENT_TEAM = T2BWHF82G9;
				INFOPLIST_FILE = ChartDrawer/Info.plist;
				IPHONEOS_DEPLOYMENT_TARGET = 9.0;
				LD_RUNPATH_SEARCH_PATHS = "$(inherited) @executable_path/Frameworks";
				PRODUCT_BUNDLE_IDENTIFIER = com.aci.ChartDrawer;
				PRODUCT_NAME = "$(TARGET_NAME)";
			};
			name = Debug;
		};
		F46805491EE05BF9002BF1B4 /* Release */ = {
			isa = XCBuildConfiguration;
			buildSettings = {
				ASSETCATALOG_COMPILER_APPICON_NAME = AppIcon;
				DEVELOPMENT_TEAM = T2BWHF82G9;
				INFOPLIST_FILE = ChartDrawer/Info.plist;
				IPHONEOS_DEPLOYMENT_TARGET = 9.0;
				LD_RUNPATH_SEARCH_PATHS = "$(inherited) @executable_path/Frameworks";
				PRODUCT_BUNDLE_IDENTIFIER = com.aci.ChartDrawer;
				PRODUCT_NAME = "$(TARGET_NAME)";
			};
			name = Release;
		};
		F468054B1EE05BF9002BF1B4 /* Debug */ = {
			isa = XCBuildConfiguration;
			buildSettings = {
				BUNDLE_LOADER = "$(TEST_HOST)";
				INFOPLIST_FILE = ChartDrawerTests/Info.plist;
				LD_RUNPATH_SEARCH_PATHS = "$(inherited) @executable_path/Frameworks @loader_path/Frameworks";
				PRODUCT_BUNDLE_IDENTIFIER = com.aci.ChartDrawerTests;
				PRODUCT_NAME = "$(TARGET_NAME)";
				TEST_HOST = "$(BUILT_PRODUCTS_DIR)/ChartDrawer.app/ChartDrawer";
			};
			name = Debug;
		};
		F468054C1EE05BF9002BF1B4 /* Release */ = {
			isa = XCBuildConfiguration;
			buildSettings = {
				BUNDLE_LOADER = "$(TEST_HOST)";
				INFOPLIST_FILE = ChartDrawerTests/Info.plist;
				LD_RUNPATH_SEARCH_PATHS = "$(inherited) @executable_path/Frameworks @loader_path/Frameworks";
				PRODUCT_BUNDLE_IDENTIFIER = com.aci.ChartDrawerTests;
				PRODUCT_NAME = "$(TARGET_NAME)";
				TEST_HOST = "$(BUILT_PRODUCTS_DIR)/ChartDrawer.app/ChartDrawer";
			};
			name = Release;
		};
/* End XCBuildConfiguration section */

/* Begin XCConfigurationList section */
		F46805201EE05BF9002BF1B4 /* Build configuration list for PBXProject "ChartDrawer" */ = {
			isa = XCConfigurationList;
			buildConfigurations = (
				F46805451EE05BF9002BF1B4 /* Debug */,
				F46805461EE05BF9002BF1B4 /* Release */,
			);
			defaultConfigurationIsVisible = 0;
			defaultConfigurationName = Release;
		};
		F46805471EE05BF9002BF1B4 /* Build configuration list for PBXNativeTarget "ChartDrawer" */ = {
			isa = XCConfigurationList;
			buildConfigurations = (
				F46805481EE05BF9002BF1B4 /* Debug */,
				F46805491EE05BF9002BF1B4 /* Release */,
			);
			defaultConfigurationIsVisible = 0;
			defaultConfigurationName = Release;
		};
		F468054A1EE05BF9002BF1B4 /* Build configuration list for PBXNativeTarget "ChartDrawerTests" */ = {
			isa = XCConfigurationList;
			buildConfigurations = (
				F468054B1EE05BF9002BF1B4 /* Debug */,
				F468054C1EE05BF9002BF1B4 /* Release */,
			);
			defaultConfigurationIsVisible = 0;
			defaultConfigurationName = Release;
		};
/* End XCConfigurationList section */
	};
	rootObject = F468051D1EE05BF9002BF1B4 /* Project object */;
}
