<?xml version="1.0" encoding="utf-8"?>
<Project ToolsVersion="4.0" xmlns="http://schemas.microsoft.com/developer/msbuild/2003">
  <ItemGroup>
    <Filter Include="Source Files">
      <UniqueIdentifier>{4FC737F1-C7A5-4376-A066-2A32D752A2FF}</UniqueIdentifier>
      <Extensions>cpp;c;cc;cxx;def;odl;idl;hpj;bat;asm;asmx</Extensions>
    </Filter>
    <Filter Include="Header Files">
      <UniqueIdentifier>{93995380-89BD-4b04-88EB-625FBE52EBFB}</UniqueIdentifier>
      <Extensions>h;hh;hpp;hxx;hm;inl;inc;xsd</Extensions>
    </Filter>
    <Filter Include="Resource Files">
      <UniqueIdentifier>{67DA6AB6-F800-4c08-8B7A-83BB121AAD01}</UniqueIdentifier>
      <Extensions>rc;ico;cur;bmp;dlg;rc2;rct;bin;rgs;gif;jpg;jpeg;jpe;resx;tiff;tif;png;wav;mfcribbon-ms</Extensions>
    </Filter>
    <Filter Include="Source Files\Document">
      <UniqueIdentifier>{a7921829-a075-4846-bdca-76195b66d78e}</UniqueIdentifier>
    </Filter>
    <Filter Include="Source Files\Command">
      <UniqueIdentifier>{e4cf69b1-e458-4ee4-a315-255c6c7cbb0f}</UniqueIdentifier>
    </Filter>
    <Filter Include="Source Files\DocumentItem">
      <UniqueIdentifier>{1ae44953-9347-4cd9-9b56-98ff55efd893}</UniqueIdentifier>
    </Filter>
    <Filter Include="Source Files\History">
      <UniqueIdentifier>{7a8406e3-ab9c-4606-a1ab-5509796b60d9}</UniqueIdentifier>
    </Filter>
    <Filter Include="Source Files\Menu">
      <UniqueIdentifier>{f25d7af5-5952-453a-8994-0f882ff1c999}</UniqueIdentifier>
    </Filter>
    <Filter Include="Source Files\Support files">
      <UniqueIdentifier>{4427d6b1-e867-4fa3-bb58-51e08ee6b186}</UniqueIdentifier>
    </Filter>
  </ItemGroup>
  <ItemGroup>
    <Text Include="ReadMe.txt" />
  </ItemGroup>
  <ItemGroup>
    <ClInclude Include="ChangeStringCommand.h">
      <Filter>Source Files\Command</Filter>
    </ClInclude>
    <ClInclude Include="Paragraph.h">
      <Filter>Source Files\DocumentItem</Filter>
    </ClInclude>
    <ClInclude Include="IParagraph.h">
      <Filter>Source Files\DocumentItem</Filter>
    </ClInclude>
    <ClInclude Include="Image.h">
      <Filter>Source Files\DocumentItem</Filter>
    </ClInclude>
    <ClInclude Include="IImage.h">
      <Filter>Source Files\DocumentItem</Filter>
    </ClInclude>
    <ClInclude Include="DocumentItem_fwd.h">
      <Filter>Source Files\DocumentItem</Filter>
    </ClInclude>
    <ClInclude Include="DocumentItem.h">
      <Filter>Source Files\DocumentItem</Filter>
    </ClInclude>
    <ClInclude Include="ConstDocumentItem.h">
      <Filter>Source Files\DocumentItem</Filter>
    </ClInclude>
    <ClInclude Include="IDocument.h">
      <Filter>Source Files\Document</Filter>
    </ClInclude>
    <ClInclude Include="HtmlConverter.h">
      <Filter>Source Files\Document</Filter>
    </ClInclude>
    <ClInclude Include="Document.h">
      <Filter>Source Files\Document</Filter>
    </ClInclude>
    <ClInclude Include="InsertItemCommand.h">
      <Filter>Source Files\Command</Filter>
    </ClInclude>
    <ClInclude Include="ICommand_fwd.h">
      <Filter>Source Files\Command</Filter>
    </ClInclude>
    <ClInclude Include="ICommand.h">
      <Filter>Source Files\Command</Filter>
    </ClInclude>
    <ClInclude Include="DeleteItemCommand.h">
      <Filter>Source Files\Command</Filter>
    </ClInclude>
    <ClInclude Include="History.h">
      <Filter>Source Files\History</Filter>
    </ClInclude>
    <ClInclude Include="Editor.h">
      <Filter>Source Files\Menu</Filter>
    </ClInclude>
    <ClInclude Include="Menu.h">
      <Filter>Source Files\Menu</Filter>
    </ClInclude>
    <ClInclude Include="stdafx.h">
      <Filter>Source Files\Support files</Filter>
    </ClInclude>
    <ClInclude Include="targetver.h">
      <Filter>Source Files\Support files</Filter>
    </ClInclude>
    <ClInclude Include="AbstractCommand.h">
      <Filter>Source Files\Command</Filter>
    </ClInclude>
    <ClInclude Include="ResizeImageCommand.h">
      <Filter>Source Files\Command</Filter>
    </ClInclude>
  </ItemGroup>
  <ItemGroup>
    <ClCompile Include="ISpringWord.cpp">
      <Filter>Source Files</Filter>
    </ClCompile>
    <ClCompile Include="AbstractCommand.cpp">
      <Filter>Source Files\Command</Filter>
    </ClCompile>
    <ClCompile Include="ChangeStringCommand.cpp">
      <Filter>Source Files\Command</Filter>
    </ClCompile>
    <ClCompile Include="ConstDocumentItem.cpp">
      <Filter>Source Files\DocumentItem</Filter>
    </ClCompile>
    <ClCompile Include="Document.cpp">
      <Filter>Source Files\Document</Filter>
    </ClCompile>
    <ClCompile Include="DocumentItem.cpp">
      <Filter>Source Files\DocumentItem</Filter>
    </ClCompile>
    <ClCompile Include="Image.cpp">
      <Filter>Source Files\DocumentItem</Filter>
    </ClCompile>
    <ClCompile Include="Paragraph.cpp">
      <Filter>Source Files\DocumentItem</Filter>
    </ClCompile>
    <ClCompile Include="InsertItemCommand.cpp">
      <Filter>Source Files\Command</Filter>
    </ClCompile>
    <ClCompile Include="DeleteItemCommand.cpp">
      <Filter>Source Files\Command</Filter>
    </ClCompile>
    <ClCompile Include="HtmlConverter.cpp">
      <Filter>Source Files\Document</Filter>
    </ClCompile>
    <ClCompile Include="History.cpp">
      <Filter>Source Files\History</Filter>
    </ClCompile>
    <ClCompile Include="Editor.cpp">
      <Filter>Source Files\Menu</Filter>
    </ClCompile>
    <ClCompile Include="Menu.cpp">
      <Filter>Source Files\Menu</Filter>
    </ClCompile>
    <ClCompile Include="stdafx.cpp">
      <Filter>Source Files\Support files</Filter>
    </ClCompile>
    <ClCompile Include="ResizeImageCommand.cpp">
      <Filter>Source Files\Command</Filter>
    </ClCompile>
  </ItemGroup>
</Project>