<?xml version="1.0" encoding="utf-8"?>
<Project ToolsVersion="4.0" xmlns="http://schemas.microsoft.com/developer/msbuild/2003">
  <ItemGroup>
    <Filter Include="Source Files">
      <UniqueIdentifier>{4FC737F1-C7A5-4376-A066-2A32D752A2FF}</UniqueIdentifier>
      <Extensions>cpp;c;cc;cxx;def;odl;idl;hpj;bat;asm;asmx</Extensions>
    </Filter>
    <Filter Include="Header Files">
      <UniqueIdentifier>{93995380-89BD-4b04-88EB-625FBE52EBFB}</UniqueIdentifier>
      <Extensions>h;hh;hpp;hxx;hm;inl;inc;xsd</Extensions>
    </Filter>
    <Filter Include="Resource Files">
      <UniqueIdentifier>{67DA6AB6-F800-4c08-8B7A-83BB121AAD01}</UniqueIdentifier>
      <Extensions>rc;ico;cur;bmp;dlg;rc2;rct;bin;rgs;gif;jpg;jpeg;jpe;resx;tiff;tif;png;wav;mfcribbon-ms</Extensions>
    </Filter>
    <Filter Include="Source Files\Duck">
      <UniqueIdentifier>{045b314f-2e49-4f80-982d-2676fe28977b}</UniqueIdentifier>
    </Filter>
    <Filter Include="Source Files\FlyBehavior">
      <UniqueIdentifier>{a5c73297-1afb-4a72-81ea-dd222873bef8}</UniqueIdentifier>
    </Filter>
    <Filter Include="Source Files\QuackBehavior">
      <UniqueIdentifier>{d57fe0ca-5291-47fb-adcb-09cadedffb65}</UniqueIdentifier>
    </Filter>
    <Filter Include="Source Files\DanceBehavior">
      <UniqueIdentifier>{6df72f80-6ca2-4390-8693-ce479a758f62}</UniqueIdentifier>
    </Filter>
  </ItemGroup>
  <ItemGroup>
    <Text Include="ReadMe.txt" />
  </ItemGroup>
  <ItemGroup>
    <ClInclude Include="stdafx.h">
      <Filter>Header Files</Filter>
    </ClInclude>
    <ClInclude Include="targetver.h">
      <Filter>Header Files</Filter>
    </ClInclude>
    <ClInclude Include="SqueakBehavior.h">
      <Filter>Source Files\QuackBehavior</Filter>
    </ClInclude>
    <ClInclude Include="MuteQuackBehavior.h">
      <Filter>Source Files\QuackBehavior</Filter>
    </ClInclude>
    <ClInclude Include="IQuackBehavior.h">
      <Filter>Source Files\QuackBehavior</Filter>
    </ClInclude>
    <ClInclude Include="QuackBehavior.h">
      <Filter>Source Files\QuackBehavior</Filter>
    </ClInclude>
    <ClInclude Include="IFlyBehavior.h">
      <Filter>Source Files\FlyBehavior</Filter>
    </ClInclude>
    <ClInclude Include="FlyWithWingsBehavior.h">
      <Filter>Source Files\FlyBehavior</Filter>
    </ClInclude>
    <ClInclude Include="FlyNoWayBehavior.h">
      <Filter>Source Files\FlyBehavior</Filter>
    </ClInclude>
    <ClInclude Include="ModelDuck.h">
      <Filter>Source Files\Duck</Filter>
    </ClInclude>
    <ClInclude Include="RedheadDuck.h">
      <Filter>Source Files\Duck</Filter>
    </ClInclude>
    <ClInclude Include="RubberDuck.h">
      <Filter>Source Files\Duck</Filter>
    </ClInclude>
    <ClInclude Include="Duck.h">
      <Filter>Source Files\Duck</Filter>
    </ClInclude>
    <ClInclude Include="MallardDuck.h">
      <Filter>Source Files\Duck</Filter>
    </ClInclude>
    <ClInclude Include="DeckoyDuck.h">
      <Filter>Source Files\Duck</Filter>
    </ClInclude>
    <ClInclude Include="DanceNoWayBehavior.h">
      <Filter>Source Files\DanceBehavior</Filter>
    </ClInclude>
    <ClInclude Include="DanceWaltzBehavior.h">
      <Filter>Source Files\DanceBehavior</Filter>
    </ClInclude>
    <ClInclude Include="IDanceBehavior.h">
      <Filter>Source Files\DanceBehavior</Filter>
    </ClInclude>
    <ClInclude Include="DanceMinuetBehavior.h">
      <Filter>Source Files\DanceBehavior</Filter>
    </ClInclude>
  </ItemGroup>
  <ItemGroup>
    <ClCompile Include="stdafx.cpp">
      <Filter>Source Files</Filter>
    </ClCompile>
    <ClCompile Include="SimUDuck.cpp">
      <Filter>Source Files</Filter>
    </ClCompile>
    <ClCompile Include="Duck.cpp">
      <Filter>Source Files\Duck</Filter>
    </ClCompile>
    <ClCompile Include="FlyWithWingsBehavior.cpp">
      <Filter>Source Files\FlyBehavior</Filter>
    </ClCompile>
    <ClCompile Include="FlyNoWayBehavior.cpp">
      <Filter>Source Files\FlyBehavior</Filter>
    </ClCompile>
    <ClCompile Include="MuteQuackBehavior.cpp">
      <Filter>Source Files\QuackBehavior</Filter>
    </ClCompile>
    <ClCompile Include="QuackBehavior.cpp">
      <Filter>Source Files\QuackBehavior</Filter>
    </ClCompile>
    <ClCompile Include="SqueakBehavior.cpp">
      <Filter>Source Files\QuackBehavior</Filter>
    </ClCompile>
    <ClCompile Include="MallardDuck.cpp">
      <Filter>Source Files\Duck</Filter>
    </ClCompile>
    <ClCompile Include="RedheadDuck.cpp">
      <Filter>Source Files\Duck</Filter>
    </ClCompile>
    <ClCompile Include="DeckoyDuck.cpp">
      <Filter>Source Files\Duck</Filter>
    </ClCompile>
    <ClCompile Include="ModelDuck.cpp">
      <Filter>Source Files\Duck</Filter>
    </ClCompile>
    <ClCompile Include="RubberDuck.cpp">
      <Filter>Source Files\Duck</Filter>
    </ClCompile>
    <ClCompile Include="DanceMinuetBehavior.cpp">
      <Filter>Source Files\DanceBehavior</Filter>
    </ClCompile>
    <ClCompile Include="DanceNoWayBehavior.cpp">
      <Filter>Source Files\DanceBehavior</Filter>
    </ClCompile>
    <ClCompile Include="DanceWaltzBehavior.cpp">
      <Filter>Source Files\DanceBehavior</Filter>
    </ClCompile>
  </ItemGroup>
</Project>