<?xml version="1.0" encoding="utf-8"?>
<Project ToolsVersion="4.0" xmlns="http://schemas.microsoft.com/developer/msbuild/2003">
  <ItemGroup>
    <Filter Include="Source Files">
      <UniqueIdentifier>{4FC737F1-C7A5-4376-A066-2A32D752A2FF}</UniqueIdentifier>
      <Extensions>cpp;c;cc;cxx;def;odl;idl;hpj;bat;asm;asmx</Extensions>
    </Filter>
    <Filter Include="Header Files">
      <UniqueIdentifier>{93995380-89BD-4b04-88EB-625FBE52EBFB}</UniqueIdentifier>
      <Extensions>h;hh;hpp;hxx;hm;inl;inc;xsd</Extensions>
    </Filter>
    <Filter Include="Resource Files">
      <UniqueIdentifier>{67DA6AB6-F800-4c08-8B7A-83BB121AAD01}</UniqueIdentifier>
      <Extensions>rc;ico;cur;bmp;dlg;rc2;rct;bin;rgs;gif;jpg;jpeg;jpe;resx;tiff;tif;png;wav;mfcribbon-ms</Extensions>
    </Filter>
    <Filter Include="Source Files\State">
      <UniqueIdentifier>{d89ec6be-f3f3-44b8-a3d0-480aaff618f9}</UniqueIdentifier>
    </Filter>
    <Filter Include="Source Files\GumBallMachine">
      <UniqueIdentifier>{f4479f9e-ff8b-4025-ac4f-ffeeca3d2331}</UniqueIdentifier>
    </Filter>
    <Filter Include="Source Files\Support files">
      <UniqueIdentifier>{7079c5f4-7101-4b54-8adb-b497dc99e225}</UniqueIdentifier>
    </Filter>
  </ItemGroup>
  <ItemGroup>
    <Text Include="ReadMe.txt" />
  </ItemGroup>
  <ItemGroup>
    <ClInclude Include="stdafx.h">
      <Filter>Source Files\Support files</Filter>
    </ClInclude>
    <ClInclude Include="targetver.h">
      <Filter>Source Files\Support files</Filter>
    </ClInclude>
    <ClInclude Include="SoldState.h">
      <Filter>Source Files\State</Filter>
    </ClInclude>
    <ClInclude Include="SoldOutState.h">
      <Filter>Source Files\State</Filter>
    </ClInclude>
    <ClInclude Include="NoQuarterState.h">
      <Filter>Source Files\State</Filter>
    </ClInclude>
    <ClInclude Include="IState.h">
      <Filter>Source Files\State</Filter>
    </ClInclude>
    <ClInclude Include="IGumBallMachine.h">
      <Filter>Source Files\GumBallMachine</Filter>
    </ClInclude>
    <ClInclude Include="GumBallMachine.h">
      <Filter>Source Files\GumBallMachine</Filter>
    </ClInclude>
    <ClInclude Include="HasQuarterState.h">
      <Filter>Source Files\State</Filter>
    </ClInclude>
    <ClInclude Include="State.h">
      <Filter>Source Files\State</Filter>
    </ClInclude>
  </ItemGroup>
  <ItemGroup>
    <ClCompile Include="GumBallMachine.cpp">
      <Filter>Source Files\GumBallMachine</Filter>
    </ClCompile>
    <ClCompile Include="HasQuarterState.cpp">
      <Filter>Source Files\State</Filter>
    </ClCompile>
    <ClCompile Include="NoQuarterState.cpp">
      <Filter>Source Files\State</Filter>
    </ClCompile>
    <ClCompile Include="SoldOutState.cpp">
      <Filter>Source Files\State</Filter>
    </ClCompile>
    <ClCompile Include="SoldState.cpp">
      <Filter>Source Files\State</Filter>
    </ClCompile>
    <ClCompile Include="stdafx.cpp">
      <Filter>Source Files\Support files</Filter>
    </ClCompile>
  </ItemGroup>
</Project>