<?xml version="1.0" encoding="utf-8"?>
<Project ToolsVersion="4.0" xmlns="http://schemas.microsoft.com/developer/msbuild/2003">
  <ItemGroup>
    <Filter Include="Source Files">
      <UniqueIdentifier>{4FC737F1-C7A5-4376-A066-2A32D752A2FF}</UniqueIdentifier>
      <Extensions>cpp;c;cc;cxx;def;odl;idl;hpj;bat;asm;asmx</Extensions>
    </Filter>
    <Filter Include="Header Files">
      <UniqueIdentifier>{93995380-89BD-4b04-88EB-625FBE52EBFB}</UniqueIdentifier>
      <Extensions>h;hh;hpp;hxx;hm;inl;inc;xsd</Extensions>
    </Filter>
    <Filter Include="Resource Files">
      <UniqueIdentifier>{67DA6AB6-F800-4c08-8B7A-83BB121AAD01}</UniqueIdentifier>
      <Extensions>rc;ico;cur;bmp;dlg;rc2;rct;bin;rgs;gif;jpg;jpeg;jpe;resx;tiff;tif;png;wav;mfcribbon-ms</Extensions>
    </Filter>
    <Filter Include="Source Files\Observer">
      <UniqueIdentifier>{f39b4dd5-1eae-4bb8-9f95-3d215f6cec5a}</UniqueIdentifier>
    </Filter>
    <Filter Include="Source Files\Observable">
      <UniqueIdentifier>{16b17fcd-6a91-4797-aab8-e1e4855ddf1d}</UniqueIdentifier>
    </Filter>
    <Filter Include="Header Files\Observer">
      <UniqueIdentifier>{ba895a31-851d-4db8-a3e0-3ce7a6f02ae0}</UniqueIdentifier>
    </Filter>
    <Filter Include="Header Files\Observable">
      <UniqueIdentifier>{8e7faa5e-f28a-417c-b1e2-af1715aeeab1}</UniqueIdentifier>
    </Filter>
  </ItemGroup>
  <ItemGroup>
    <Text Include="ReadMe.txt" />
  </ItemGroup>
  <ItemGroup>
    <ClInclude Include="stdafx.h">
      <Filter>Header Files</Filter>
    </ClInclude>
    <ClInclude Include="targetver.h">
      <Filter>Header Files</Filter>
    </ClInclude>
    <ClInclude Include="Observable.h">
      <Filter>Header Files\Observable</Filter>
    </ClInclude>
    <ClInclude Include="IObserver.h">
      <Filter>Header Files\Observer</Filter>
    </ClInclude>
    <ClInclude Include="IObservable.h">
      <Filter>Header Files\Observable</Filter>
    </ClInclude>
    <ClInclude Include="Display.h">
      <Filter>Header Files\Observer</Filter>
    </ClInclude>
    <ClInclude Include="StatsDisplay.h">
      <Filter>Header Files\Observer</Filter>
    </ClInclude>
    <ClInclude Include="WeatherData.h">
      <Filter>Header Files\Observable</Filter>
    </ClInclude>
    <ClInclude Include="SWeatherInfo.h">
      <Filter>Header Files</Filter>
    </ClInclude>
    <ClInclude Include="StatsCalc.h">
      <Filter>Header Files</Filter>
    </ClInclude>
    <ClInclude Include="WeatherStationLocation.h">
      <Filter>Header Files</Filter>
    </ClInclude>
    <ClInclude Include="Subscription.h">
      <Filter>Header Files\Observable</Filter>
    </ClInclude>
    <ClInclude Include="WeatherInfoType.h">
      <Filter>Header Files</Filter>
    </ClInclude>
    <ClInclude Include="ProWeatherData.h">
      <Filter>Header Files\Observable</Filter>
    </ClInclude>
    <ClInclude Include="StatsWeaherInfo.h">
      <Filter>Header Files</Filter>
    </ClInclude>
  </ItemGroup>
  <ItemGroup>
    <ClCompile Include="stdafx.cpp">
      <Filter>Source Files</Filter>
    </ClCompile>
    <ClCompile Include="main.cpp">
      <Filter>Source Files</Filter>
    </ClCompile>
    <ClCompile Include="Display.cpp">
      <Filter>Source Files\Observer</Filter>
    </ClCompile>
    <ClCompile Include="StatsDisplay.cpp">
      <Filter>Source Files\Observer</Filter>
    </ClCompile>
    <ClCompile Include="WeatherData.cpp">
      <Filter>Source Files\Observable</Filter>
    </ClCompile>
    <ClCompile Include="ProWeatherData.cpp">
      <Filter>Source Files\Observable</Filter>
    </ClCompile>
  </ItemGroup>
</Project>