
Microsoft Visual Studio Solution File, Format Version 12.00
# Visual Studio 15
VisualStudioVersion = 15.0.26403.0
MinimumVisualStudioVersion = 10.0.40219.1
Project("{8BC9CEB8-8B4A-11D0-8D11-00A0C91BC942}") = "State", "State\State.vcxproj", "{9B6DBD80-D331-43C8-A8E1-ECFF2D73044B}"
EndProject
Project("{8BC9CEB8-8B4A-11D0-8D11-00A0C91BC942}") = "NaiveGumBallMachine", "NaiveGumBallMachine\NaiveGumBallMachine.vcxproj", "{06B577F2-43C1-457D-87BF-03B1703B325A}"
EndProject
Project("{8BC9CEB8-8B4A-11D0-8D11-00A0C91BC942}") = "GumBallMachine", "GumBallMachine\GumBallMachine.vcxproj", "{5B80A6CD-3216-43FB-97E7-0BCAF8FCC85E}"
EndProject
Global
	GlobalSection(SolutionConfigurationPlatforms) = preSolution
		Debug|x64 = Debug|x64
		Debug|x86 = Debug|x86
		Release|x64 = Release|x64
		Release|x86 = Release|x86
	EndGlobalSection
	GlobalSection(ProjectConfigurationPlatforms) = postSolution
		{9B6DBD80-D331-43C8-A8E1-ECFF2D73044B}.Debug|x64.ActiveCfg = Debug|x64
		{9B6DBD80-D331-43C8-A8E1-ECFF2D73044B}.Debug|x64.Build.0 = Debug|x64
		{9B6DBD80-D331-43C8-A8E1-ECFF2D73044B}.Debug|x86.ActiveCfg = Debug|Win32
		{9B6DBD80-D331-43C8-A8E1-ECFF2D73044B}.Debug|x86.Build.0 = Debug|Win32
		{9B6DBD80-D331-43C8-A8E1-ECFF2D73044B}.Release|x64.ActiveCfg = Release|x64
		{9B6DBD80-D331-43C8-A8E1-ECFF2D73044B}.Release|x64.Build.0 = Release|x64
		{9B6DBD80-D331-43C8-A8E1-ECFF2D73044B}.Release|x86.ActiveCfg = Release|Win32
		{9B6DBD80-D331-43C8-A8E1-ECFF2D73044B}.Release|x86.Build.0 = Release|Win32
		{06B577F2-43C1-457D-87BF-03B1703B325A}.Debug|x64.ActiveCfg = Debug|x64
		{06B577F2-43C1-457D-87BF-03B1703B325A}.Debug|x64.Build.0 = Debug|x64
		{06B577F2-43C1-457D-87BF-03B1703B325A}.Debug|x86.ActiveCfg = Debug|Win32
		{06B577F2-43C1-457D-87BF-03B1703B325A}.Debug|x86.Build.0 = Debug|Win32
		{06B577F2-43C1-457D-87BF-03B1703B325A}.Release|x64.ActiveCfg = Release|x64
		{06B577F2-43C1-457D-87BF-03B1703B325A}.Release|x64.Build.0 = Release|x64
		{06B577F2-43C1-457D-87BF-03B1703B325A}.Release|x86.ActiveCfg = Release|Win32
		{06B577F2-43C1-457D-87BF-03B1703B325A}.Release|x86.Build.0 = Release|Win32
		{5B80A6CD-3216-43FB-97E7-0BCAF8FCC85E}.Debug|x64.ActiveCfg = Debug|x64
		{5B80A6CD-3216-43FB-97E7-0BCAF8FCC85E}.Debug|x64.Build.0 = Debug|x64
		{5B80A6CD-3216-43FB-97E7-0BCAF8FCC85E}.Debug|x86.ActiveCfg = Debug|Win32
		{5B80A6CD-3216-43FB-97E7-0BCAF8FCC85E}.Debug|x86.Build.0 = Debug|Win32
		{5B80A6CD-3216-43FB-97E7-0BCAF8FCC85E}.Release|x64.ActiveCfg = Release|x64
		{5B80A6CD-3216-43FB-97E7-0BCAF8FCC85E}.Release|x64.Build.0 = Release|x64
		{5B80A6CD-3216-43FB-97E7-0BCAF8FCC85E}.Release|x86.ActiveCfg = Release|Win32
		{5B80A6CD-3216-43FB-97E7-0BCAF8FCC85E}.Release|x86.Build.0 = Release|Win32
	EndGlobalSection
	GlobalSection(SolutionProperties) = preSolution
		HideSolutionNode = FALSE
	EndGlobalSection
EndGlobal
